
Microsoft Visual Studio Solution File, Format Version 12.00
# Visual Studio Version 17
VisualStudioVersion = 17.2.32519.379
MinimumVisualStudioVersion = 10.0.40219.1
Project("{FAE04EC0-301F-11D3-BF4B-00C04F79EFBC}") = "TestirovanieNik", "TestirovanieNik\TestirovanieNik.csproj", "{24F75EDF-8BDB-4EBD-8459-AEF59F1B0ED6}"
EndProject
Global
	GlobalSection(SolutionConfigurationPlatforms) = preSolution
		Debug|Any CPU = Debug|Any CPU
		Release|Any CPU = Release|Any CPU
	EndGlobalSection
	GlobalSection(ProjectConfigurationPlatforms) = postSolution
		{24F75EDF-8BDB-4EBD-8459-AEF59F1B0ED6}.Debug|Any CPU.ActiveCfg = Debug|Any CPU
		{24F75EDF-8BDB-4EBD-8459-AEF59F1B0ED6}.Debug|Any CPU.Build.0 = Debug|Any CPU
		{24F75EDF-8BDB-4EBD-8459-AEF59F1B0ED6}.Release|Any CPU.ActiveCfg = Release|Any CPU
		{24F75EDF-8BDB-4EBD-8459-AEF59F1B0ED6}.Release|Any CPU.Build.0 = Release|Any CPU
	EndGlobalSection
	GlobalSection(SolutionProperties) = preSolution
		HideSolutionNode = FALSE
	EndGlobalSection
	GlobalSection(ExtensibilityGlobals) = postSolution
		SolutionGuid = {A2602742-8CB3-4214-9A79-5FD80D14FACC}
	EndGlobalSection
EndGlobal
